// !$*UTF8*$!
{
	archiveVersion = 1;
	classes = {
	};
	objectVersion = 46;
	objects = {

/* Begin PBXBuildFile section */
		7A4DEC1B1C5B173B00A2515D /* AppDelegate.swift in Sources */ = {isa = PBXBuildFile; fileRef = 7A4DEC1A1C5B173B00A2515D /* AppDelegate.swift */; };
		7A4DEC1D1C5B173B00A2515D /* ViewController.swift in Sources */ = {isa = PBXBuildFile; fileRef = 7A4DEC1C1C5B173B00A2515D /* ViewController.swift */; };
		7A4DEC201C5B173B00A2515D /* Main.storyboard in Resources */ = {isa = PBXBuildFile; fileRef = 7A4DEC1E1C5B173B00A2515D /* Main.storyboard */; };
		7A4DEC221C5B173B00A2515D /* Assets.xcassets in Resources */ = {isa = PBXBuildFile; fileRef = 7A4DEC211C5B173B00A2515D /* Assets.xcassets */; };
		7A4DEC251C5B173B00A2515D /* LaunchScreen.storyboard in Resources */ = {isa = PBXBuildFile; fileRef = 7A4DEC231C5B173B00A2515D /* LaunchScreen.storyboard */; };
		7A4DEC301C5B173B00A2515D /* LeeLockViewTests.swift in Sources */ = {isa = PBXBuildFile; fileRef = 7A4DEC2F1C5B173B00A2515D /* LeeLockViewTests.swift */; };
		7A4DEC3B1C5B173B00A2515D /* LeeLockViewUITests.swift in Sources */ = {isa = PBXBuildFile; fileRef = 7A4DEC3A1C5B173B00A2515D /* LeeLockViewUITests.swift */; };
		7A4DEC761C5B1A1800A2515D /* Constraint.swift in Sources */ = {isa = PBXBuildFile; fileRef = 7A4DEC681C5B1A1800A2515D /* Constraint.swift */; };
		7A4DEC771C5B1A1800A2515D /* ConstraintAttributes.swift in Sources */ = {isa = PBXBuildFile; fileRef = 7A4DEC691C5B1A1800A2515D /* ConstraintAttributes.swift */; };
		7A4DEC781C5B1A1800A2515D /* ConstraintDescription.swift in Sources */ = {isa = PBXBuildFile; fileRef = 7A4DEC6A1C5B1A1800A2515D /* ConstraintDescription.swift */; };
		7A4DEC791C5B1A1800A2515D /* ConstraintItem.swift in Sources */ = {isa = PBXBuildFile; fileRef = 7A4DEC6B1C5B1A1800A2515D /* ConstraintItem.swift */; };
		7A4DEC7A1C5B1A1800A2515D /* ConstraintMaker.swift in Sources */ = {isa = PBXBuildFile; fileRef = 7A4DEC6C1C5B1A1800A2515D /* ConstraintMaker.swift */; };
		7A4DEC7B1C5B1A1800A2515D /* ConstraintRelation.swift in Sources */ = {isa = PBXBuildFile; fileRef = 7A4DEC6D1C5B1A1800A2515D /* ConstraintRelation.swift */; };
		7A4DEC7C1C5B1A1800A2515D /* Debugging.swift in Sources */ = {isa = PBXBuildFile; fileRef = 7A4DEC6E1C5B1A1800A2515D /* Debugging.swift */; };
		7A4DEC7D1C5B1A1800A2515D /* EdgeInsets.swift in Sources */ = {isa = PBXBuildFile; fileRef = 7A4DEC6F1C5B1A1800A2515D /* EdgeInsets.swift */; };
		7A4DEC7E1C5B1A1800A2515D /* LayoutConstraint.swift in Sources */ = {isa = PBXBuildFile; fileRef = 7A4DEC701C5B1A1800A2515D /* LayoutConstraint.swift */; };
		7A4DEC7F1C5B1A1800A2515D /* SnapKit.swift in Sources */ = {isa = PBXBuildFile; fileRef = 7A4DEC721C5B1A1800A2515D /* SnapKit.swift */; };
		7A4DEC801C5B1A1800A2515D /* SourceLocation.swift in Sources */ = {isa = PBXBuildFile; fileRef = 7A4DEC731C5B1A1800A2515D /* SourceLocation.swift */; };
		7A4DEC811C5B1A1800A2515D /* View+SnapKit.swift in Sources */ = {isa = PBXBuildFile; fileRef = 7A4DEC741C5B1A1800A2515D /* View+SnapKit.swift */; };
		7A4DEC821C5B1A1800A2515D /* ViewController+SnapKit.swift in Sources */ = {isa = PBXBuildFile; fileRef = 7A4DEC751C5B1A1800A2515D /* ViewController+SnapKit.swift */; };
		7A4DEC861C5B1CA400A2515D /* UIColor+DYKAddition.m in Sources */ = {isa = PBXBuildFile; fileRef = 7A4DEC851C5B1CA400A2515D /* UIColor+DYKAddition.m */; };
		7A4DEC8D1C5B40B900A2515D /* DemoTableViewController.swift in Sources */ = {isa = PBXBuildFile; fileRef = 7A4DEC8C1C5B40B900A2515D /* DemoTableViewController.swift */; };
		7A4DEC8F1C5B451700A2515D /* navigation_back@2x.png in Resources */ = {isa = PBXBuildFile; fileRef = 7A4DEC8E1C5B451700A2515D /* navigation_back@2x.png */; };
		7A4DEC9D1C5B4CA500A2515D /* Localizable.strings in Resources */ = {isa = PBXBuildFile; fileRef = 7A4DEC9F1C5B4CA500A2515D /* Localizable.strings */; };
		7A4DECE91C5B720500A2515D /* LockIndicatorView.swift in Sources */ = {isa = PBXBuildFile; fileRef = 7A4DECE21C5B720500A2515D /* LockIndicatorView.swift */; };
		7A4DECEA1C5B720500A2515D /* LockInfoStorage.swift in Sources */ = {isa = PBXBuildFile; fileRef = 7A4DECE31C5B720500A2515D /* LockInfoStorage.swift */; };
		7A4DECEB1C5B720500A2515D /* LockItemView.swift in Sources */ = {isa = PBXBuildFile; fileRef = 7A4DECE41C5B720500A2515D /* LockItemView.swift */; };
		7A4DECEC1C5B720500A2515D /* LockPreference.swift in Sources */ = {isa = PBXBuildFile; fileRef = 7A4DECE51C5B720500A2515D /* LockPreference.swift */; };
		7A4DECED1C5B720500A2515D /* LockSettingViewController.swift in Sources */ = {isa = PBXBuildFile; fileRef = 7A4DECE61C5B720500A2515D /* LockSettingViewController.swift */; };
		7A4DECEE1C5B720500A2515D /* LockView.swift in Sources */ = {isa = PBXBuildFile; fileRef = 7A4DECE71C5B720500A2515D /* LockView.swift */; };
		7A4DECEF1C5B720500A2515D /* LockViewController.swift in Sources */ = {isa = PBXBuildFile; fileRef = 7A4DECE81C5B720500A2515D /* LockViewController.swift */; };
/* End PBXBuildFile section */

/* Begin PBXContainerItemProxy section */
		7A4DEC2C1C5B173B00A2515D /* PBXContainerItemProxy */ = {
			isa = PBXContainerItemProxy;
			containerPortal = 7A4DEC0F1C5B173B00A2515D /* Project object */;
			proxyType = 1;
			remoteGlobalIDString = 7A4DEC161C5B173B00A2515D;
			remoteInfo = LeeLockView;
		};
		7A4DEC371C5B173B00A2515D /* PBXContainerItemProxy */ = {
			isa = PBXContainerItemProxy;
			containerPortal = 7A4DEC0F1C5B173B00A2515D /* Project object */;
			proxyType = 1;
			remoteGlobalIDString = 7A4DEC161C5B173B00A2515D;
			remoteInfo = LeeLockView;
		};
/* End PBXContainerItemProxy section */

/* Begin PBXFileReference section */
		7A4DEC171C5B173B00A2515D /* LeeLockView.app */ = {isa = PBXFileReference; explicitFileType = wrapper.application; includeInIndex = 0; path = LeeLockView.app; sourceTree = BUILT_PRODUCTS_DIR; };
		7A4DEC1A1C5B173B00A2515D /* AppDelegate.swift */ = {isa = PBXFileReference; lastKnownFileType = sourcecode.swift; path = AppDelegate.swift; sourceTree = "<group>"; };
		7A4DEC1C1C5B173B00A2515D /* ViewController.swift */ = {isa = PBXFileReference; lastKnownFileType = sourcecode.swift; path = ViewController.swift; sourceTree = "<group>"; };
		7A4DEC1F1C5B173B00A2515D /* Base */ = {isa = PBXFileReference; lastKnownFileType = file.storyboard; name = Base; path = Base.lproj/Main.storyboard; sourceTree = "<group>"; };
		7A4DEC211C5B173B00A2515D /* Assets.xcassets */ = {isa = PBXFileReference; lastKnownFileType = folder.assetcatalog; path = Assets.xcassets; sourceTree = "<group>"; };
		7A4DEC241C5B173B00A2515D /* Base */ = {isa = PBXFileReference; lastKnownFileType = file.storyboard; name = Base; path = Base.lproj/LaunchScreen.storyboard; sourceTree = "<group>"; };
		7A4DEC261C5B173B00A2515D /* Info.plist */ = {isa = PBXFileReference; lastKnownFileType = text.plist.xml; path = Info.plist; sourceTree = "<group>"; };
		7A4DEC2B1C5B173B00A2515D /* LeeLockViewTests.xctest */ = {isa = PBXFileReference; explicitFileType = wrapper.cfbundle; includeInIndex = 0; path = LeeLockViewTests.xctest; sourceTree = BUILT_PRODUCTS_DIR; };
		7A4DEC2F1C5B173B00A2515D /* LeeLockViewTests.swift */ = {isa = PBXFileReference; lastKnownFileType = sourcecode.swift; path = LeeLockViewTests.swift; sourceTree = "<group>"; };
		7A4DEC311C5B173B00A2515D /* Info.plist */ = {isa = PBXFileReference; lastKnownFileType = text.plist.xml; path = Info.plist; sourceTree = "<group>"; };
		7A4DEC361C5B173B00A2515D /* LeeLockViewUITests.xctest */ = {isa = PBXFileReference; explicitFileType = wrapper.cfbundle; includeInIndex = 0; path = LeeLockViewUITests.xctest; sourceTree = BUILT_PRODUCTS_DIR; };
		7A4DEC3A1C5B173B00A2515D /* LeeLockViewUITests.swift */ = {isa = PBXFileReference; lastKnownFileType = sourcecode.swift; path = LeeLockViewUITests.swift; sourceTree = "<group>"; };
		7A4DEC3C1C5B173B00A2515D /* Info.plist */ = {isa = PBXFileReference; lastKnownFileType = text.plist.xml; path = Info.plist; sourceTree = "<group>"; };
		7A4DEC681C5B1A1800A2515D /* Constraint.swift */ = {isa = PBXFileReference; fileEncoding = 4; lastKnownFileType = sourcecode.swift; path = Constraint.swift; sourceTree = "<group>"; };
		7A4DEC691C5B1A1800A2515D /* ConstraintAttributes.swift */ = {isa = PBXFileReference; fileEncoding = 4; lastKnownFileType = sourcecode.swift; path = ConstraintAttributes.swift; sourceTree = "<group>"; };
		7A4DEC6A1C5B1A1800A2515D /* ConstraintDescription.swift */ = {isa = PBXFileReference; fileEncoding = 4; lastKnownFileType = sourcecode.swift; path = ConstraintDescription.swift; sourceTree = "<group>"; };
		7A4DEC6B1C5B1A1800A2515D /* ConstraintItem.swift */ = {isa = PBXFileReference; fileEncoding = 4; lastKnownFileType = sourcecode.swift; path = ConstraintItem.swift; sourceTree = "<group>"; };
		7A4DEC6C1C5B1A1800A2515D /* ConstraintMaker.swift */ = {isa = PBXFileReference; fileEncoding = 4; lastKnownFileType = sourcecode.swift; path = ConstraintMaker.swift; sourceTree = "<group>"; };
		7A4DEC6D1C5B1A1800A2515D /* ConstraintRelation.swift */ = {isa = PBXFileReference; fileEncoding = 4; lastKnownFileType = sourcecode.swift; path = ConstraintRelation.swift; sourceTree = "<group>"; };
		7A4DEC6E1C5B1A1800A2515D /* Debugging.swift */ = {isa = PBXFileReference; fileEncoding = 4; lastKnownFileType = sourcecode.swift; path = Debugging.swift; sourceTree = "<group>"; };
		7A4DEC6F1C5B1A1800A2515D /* EdgeInsets.swift */ = {isa = PBXFileReference; fileEncoding = 4; lastKnownFileType = sourcecode.swift; path = EdgeInsets.swift; sourceTree = "<group>"; };
		7A4DEC701C5B1A1800A2515D /* LayoutConstraint.swift */ = {isa = PBXFileReference; fileEncoding = 4; lastKnownFileType = sourcecode.swift; path = LayoutConstraint.swift; sourceTree = "<group>"; };
		7A4DEC711C5B1A1800A2515D /* SnapKit.h */ = {isa = PBXFileReference; fileEncoding = 4; lastKnownFileType = sourcecode.c.h; path = SnapKit.h; sourceTree = "<group>"; };
		7A4DEC721C5B1A1800A2515D /* SnapKit.swift */ = {isa = PBXFileReference; fileEncoding = 4; lastKnownFileType = sourcecode.swift; path = SnapKit.swift; sourceTree = "<group>"; };
		7A4DEC731C5B1A1800A2515D /* SourceLocation.swift */ = {isa = PBXFileReference; fileEncoding = 4; lastKnownFileType = sourcecode.swift; path = SourceLocation.swift; sourceTree = "<group>"; };
		7A4DEC741C5B1A1800A2515D /* View+SnapKit.swift */ = {isa = PBXFileReference; fileEncoding = 4; lastKnownFileType = sourcecode.swift; path = "View+SnapKit.swift"; sourceTree = "<group>"; };
		7A4DEC751C5B1A1800A2515D /* ViewController+SnapKit.swift */ = {isa = PBXFileReference; fileEncoding = 4; lastKnownFileType = sourcecode.swift; path = "ViewController+SnapKit.swift"; sourceTree = "<group>"; };
		7A4DEC831C5B1CA300A2515D /* LeeLockView-Bridging-Header.h */ = {isa = PBXFileReference; lastKnownFileType = sourcecode.c.h; path = "LeeLockView-Bridging-Header.h"; sourceTree = "<group>"; };
		7A4DEC841C5B1CA400A2515D /* UIColor+DYKAddition.h */ = {isa = PBXFileReference; fileEncoding = 4; lastKnownFileType = sourcecode.c.h; path = "UIColor+DYKAddition.h"; sourceTree = "<group>"; };
		7A4DEC851C5B1CA400A2515D /* UIColor+DYKAddition.m */ = {isa = PBXFileReference; fileEncoding = 4; lastKnownFileType = sourcecode.c.objc; path = "UIColor+DYKAddition.m"; sourceTree = "<group>"; };
		7A4DEC8C1C5B40B900A2515D /* DemoTableViewController.swift */ = {isa = PBXFileReference; fileEncoding = 4; lastKnownFileType = sourcecode.swift; path = DemoTableViewController.swift; sourceTree = "<group>"; };
		7A4DEC8E1C5B451700A2515D /* navigation_back@2x.png */ = {isa = PBXFileReference; lastKnownFileType = image.png; path = "navigation_back@2x.png"; sourceTree = "<group>"; };
		7A4DEC9E1C5B4CA500A2515D /* en */ = {isa = PBXFileReference; lastKnownFileType = text.plist.strings; name = en; path = en.lproj/Localizable.strings; sourceTree = "<group>"; };
		7A4DECA01C5B4CBF00A2515D /* zh-Hans */ = {isa = PBXFileReference; lastKnownFileType = text.plist.strings; name = "zh-Hans"; path = "zh-Hans.lproj/Localizable.strings"; sourceTree = "<group>"; };
		7A4DECE21C5B720500A2515D /* LockIndicatorView.swift */ = {isa = PBXFileReference; fileEncoding = 4; lastKnownFileType = sourcecode.swift; path = LockIndicatorView.swift; sourceTree = "<group>"; };
		7A4DECE31C5B720500A2515D /* LockInfoStorage.swift */ = {isa = PBXFileReference; fileEncoding = 4; lastKnownFileType = sourcecode.swift; path = LockInfoStorage.swift; sourceTree = "<group>"; };
		7A4DECE41C5B720500A2515D /* LockItemView.swift */ = {isa = PBXFileReference; fileEncoding = 4; lastKnownFileType = sourcecode.swift; path = LockItemView.swift; sourceTree = "<group>"; };
		7A4DECE51C5B720500A2515D /* LockPreference.swift */ = {isa = PBXFileReference; fileEncoding = 4; lastKnownFileType = sourcecode.swift; path = LockPreference.swift; sourceTree = "<group>"; };
		7A4DECE61C5B720500A2515D /* LockSettingViewController.swift */ = {isa = PBXFileReference; fileEncoding = 4; lastKnownFileType = sourcecode.swift; path = LockSettingViewController.swift; sourceTree = "<group>"; };
		7A4DECE71C5B720500A2515D /* LockView.swift */ = {isa = PBXFileReference; fileEncoding = 4; lastKnownFileType = sourcecode.swift; path = LockView.swift; sourceTree = "<group>"; };
		7A4DECE81C5B720500A2515D /* LockViewController.swift */ = {isa = PBXFileReference; fileEncoding = 4; lastKnownFileType = sourcecode.swift; path = LockViewController.swift; sourceTree = "<group>"; };
/* End PBXFileReference section */

/* Begin PBXFrameworksBuildPhase section */
		7A4DEC141C5B173B00A2515D /* Frameworks */ = {
			isa = PBXFrameworksBuildPhase;
			buildActionMask = 2147483647;
			files = (
			);
			runOnlyForDeploymentPostprocessing = 0;
		};
		7A4DEC281C5B173B00A2515D /* Frameworks */ = {
			isa = PBXFrameworksBuildPhase;
			buildActionMask = 2147483647;
			files = (
			);
			runOnlyForDeploymentPostprocessing = 0;
		};
		7A4DEC331C5B173B00A2515D /* Frameworks */ = {
			isa = PBXFrameworksBuildPhase;
			buildActionMask = 2147483647;
			files = (
			);
			runOnlyForDeploymentPostprocessing = 0;
		};
/* End PBXFrameworksBuildPhase section */

/* Begin PBXGroup section */
		7A4DEC0E1C5B173B00A2515D = {
			isa = PBXGroup;
			children = (
				7A4DECE11C5B720500A2515D /* LockView */,
				7A4DEC921C5B49A500A2515D /* Local */,
				7A4DEC871C5B1E5200A2515D /* Extension */,
				7A4DEC671C5B1A1800A2515D /* SnapKit */,
				7A4DEC191C5B173B00A2515D /* LeeLockView */,
				7A4DEC2E1C5B173B00A2515D /* LeeLockViewTests */,
				7A4DEC391C5B173B00A2515D /* LeeLockViewUITests */,
				7A4DEC181C5B173B00A2515D /* Products */,
				7A4DEC831C5B1CA300A2515D /* LeeLockView-Bridging-Header.h */,
			);
			sourceTree = "<group>";
		};
		7A4DEC181C5B173B00A2515D /* Products */ = {
			isa = PBXGroup;
			children = (
				7A4DEC171C5B173B00A2515D /* LeeLockView.app */,
				7A4DEC2B1C5B173B00A2515D /* LeeLockViewTests.xctest */,
				7A4DEC361C5B173B00A2515D /* LeeLockViewUITests.xctest */,
			);
			name = Products;
			sourceTree = "<group>";
		};
		7A4DEC191C5B173B00A2515D /* LeeLockView */ = {
			isa = PBXGroup;
			children = (
				7A4DEC1A1C5B173B00A2515D /* AppDelegate.swift */,
				7A4DEC1C1C5B173B00A2515D /* ViewController.swift */,
				7A4DEC8C1C5B40B900A2515D /* DemoTableViewController.swift */,
				7A4DEC1E1C5B173B00A2515D /* Main.storyboard */,
				7A4DEC211C5B173B00A2515D /* Assets.xcassets */,
				7A4DEC8E1C5B451700A2515D /* navigation_back@2x.png */,
				7A4DEC231C5B173B00A2515D /* LaunchScreen.storyboard */,
				7A4DEC261C5B173B00A2515D /* Info.plist */,
			);
			path = LeeLockView;
			sourceTree = "<group>";
		};
		7A4DEC2E1C5B173B00A2515D /* LeeLockViewTests */ = {
			isa = PBXGroup;
			children = (
				7A4DEC2F1C5B173B00A2515D /* LeeLockViewTests.swift */,
				7A4DEC311C5B173B00A2515D /* Info.plist */,
			);
			path = LeeLockViewTests;
			sourceTree = "<group>";
		};
		7A4DEC391C5B173B00A2515D /* LeeLockViewUITests */ = {
			isa = PBXGroup;
			children = (
				7A4DEC3A1C5B173B00A2515D /* LeeLockViewUITests.swift */,
				7A4DEC3C1C5B173B00A2515D /* Info.plist */,
			);
			path = LeeLockViewUITests;
			sourceTree = "<group>";
		};
		7A4DEC671C5B1A1800A2515D /* SnapKit */ = {
			isa = PBXGroup;
			children = (
				7A4DEC681C5B1A1800A2515D /* Constraint.swift */,
				7A4DEC691C5B1A1800A2515D /* ConstraintAttributes.swift */,
				7A4DEC6A1C5B1A1800A2515D /* ConstraintDescription.swift */,
				7A4DEC6B1C5B1A1800A2515D /* ConstraintItem.swift */,
				7A4DEC6C1C5B1A1800A2515D /* ConstraintMaker.swift */,
				7A4DEC6D1C5B1A1800A2515D /* ConstraintRelation.swift */,
				7A4DEC6E1C5B1A1800A2515D /* Debugging.swift */,
				7A4DEC6F1C5B1A1800A2515D /* EdgeInsets.swift */,
				7A4DEC701C5B1A1800A2515D /* LayoutConstraint.swift */,
				7A4DEC711C5B1A1800A2515D /* SnapKit.h */,
				7A4DEC721C5B1A1800A2515D /* SnapKit.swift */,
				7A4DEC731C5B1A1800A2515D /* SourceLocation.swift */,
				7A4DEC741C5B1A1800A2515D /* View+SnapKit.swift */,
				7A4DEC751C5B1A1800A2515D /* ViewController+SnapKit.swift */,
			);
			path = SnapKit;
			sourceTree = "<group>";
		};
		7A4DEC871C5B1E5200A2515D /* Extension */ = {
			isa = PBXGroup;
			children = (
				7A4DEC841C5B1CA400A2515D /* UIColor+DYKAddition.h */,
				7A4DEC851C5B1CA400A2515D /* UIColor+DYKAddition.m */,
			);
			name = Extension;
			sourceTree = "<group>";
		};
		7A4DEC921C5B49A500A2515D /* Local */ = {
			isa = PBXGroup;
			children = (
				7A4DEC9F1C5B4CA500A2515D /* Localizable.strings */,
			);
			name = Local;
			sourceTree = "<group>";
		};
		7A4DECE11C5B720500A2515D /* LockView */ = {
			isa = PBXGroup;
			children = (
				7A4DECE21C5B720500A2515D /* LockIndicatorView.swift */,
				7A4DECE31C5B720500A2515D /* LockInfoStorage.swift */,
				7A4DECE41C5B720500A2515D /* LockItemView.swift */,
				7A4DECE51C5B720500A2515D /* LockPreference.swift */,
				7A4DECE61C5B720500A2515D /* LockSettingViewController.swift */,
				7A4DECE71C5B720500A2515D /* LockView.swift */,
				7A4DECE81C5B720500A2515D /* LockViewController.swift */,
			);
			path = LockView;
			sourceTree = "<group>";
		};
/* End PBXGroup section */

/* Begin PBXNativeTarget section */
		7A4DEC161C5B173B00A2515D /* LeeLockView */ = {
			isa = PBXNativeTarget;
			buildConfigurationList = 7A4DEC3F1C5B173B00A2515D /* Build configuration list for PBXNativeTarget "LeeLockView" */;
			buildPhases = (
				7A4DEC131C5B173B00A2515D /* Sources */,
				7A4DEC141C5B173B00A2515D /* Frameworks */,
				7A4DEC151C5B173B00A2515D /* Resources */,
			);
			buildRules = (
			);
			dependencies = (
			);
			name = LeeLockView;
			productName = LeeLockView;
			productReference = 7A4DEC171C5B173B00A2515D /* LeeLockView.app */;
			productType = "com.apple.product-type.application";
		};
		7A4DEC2A1C5B173B00A2515D /* LeeLockViewTests */ = {
			isa = PBXNativeTarget;
			buildConfigurationList = 7A4DEC421C5B173B00A2515D /* Build configuration list for PBXNativeTarget "LeeLockViewTests" */;
			buildPhases = (
				7A4DEC271C5B173B00A2515D /* Sources */,
				7A4DEC281C5B173B00A2515D /* Frameworks */,
				7A4DEC291C5B173B00A2515D /* Resources */,
			);
			buildRules = (
			);
			dependencies = (
				7A4DEC2D1C5B173B00A2515D /* PBXTargetDependency */,
			);
			name = LeeLockViewTests;
			productName = LeeLockViewTests;
			productReference = 7A4DEC2B1C5B173B00A2515D /* LeeLockViewTests.xctest */;
			productType = "com.apple.product-type.bundle.unit-test";
		};
		7A4DEC351C5B173B00A2515D /* LeeLockViewUITests */ = {
			isa = PBXNativeTarget;
			buildConfigurationList = 7A4DEC451C5B173B00A2515D /* Build configuration list for PBXNativeTarget "LeeLockViewUITests" */;
			buildPhases = (
				7A4DEC321C5B173B00A2515D /* Sources */,
				7A4DEC331C5B173B00A2515D /* Frameworks */,
				7A4DEC341C5B173B00A2515D /* Resources */,
			);
			buildRules = (
			);
			dependencies = (
				7A4DEC381C5B173B00A2515D /* PBXTargetDependency */,
			);
			name = LeeLockViewUITests;
			productName = LeeLockViewUITests;
			productReference = 7A4DEC361C5B173B00A2515D /* LeeLockViewUITests.xctest */;
			productType = "com.apple.product-type.bundle.ui-testing";
		};
/* End PBXNativeTarget section */

/* Begin PBXProject section */
		7A4DEC0F1C5B173B00A2515D /* Project object */ = {
			isa = PBXProject;
			attributes = {
				LastSwiftUpdateCheck = 0720;
				LastUpgradeCheck = 0720;
				ORGANIZATIONNAME = yuanjilee;
				TargetAttributes = {
					7A4DEC161C5B173B00A2515D = {
						CreatedOnToolsVersion = 7.2;
					};
					7A4DEC2A1C5B173B00A2515D = {
						CreatedOnToolsVersion = 7.2;
						TestTargetID = 7A4DEC161C5B173B00A2515D;
					};
					7A4DEC351C5B173B00A2515D = {
						CreatedOnToolsVersion = 7.2;
						TestTargetID = 7A4DEC161C5B173B00A2515D;
					};
				};
			};
			buildConfigurationList = 7A4DEC121C5B173B00A2515D /* Build configuration list for PBXProject "LeeLockView" */;
			compatibilityVersion = "Xcode 3.2";
			developmentRegion = English;
			hasScannedForEncodings = 0;
			knownRegions = (
				en,
				Base,
				"zh-Hans",
			);
			mainGroup = 7A4DEC0E1C5B173B00A2515D;
			productRefGroup = 7A4DEC181C5B173B00A2515D /* Products */;
			projectDirPath = "";
			projectRoot = "";
			targets = (
				7A4DEC161C5B173B00A2515D /* LeeLockView */,
				7A4DEC2A1C5B173B00A2515D /* LeeLockViewTests */,
				7A4DEC351C5B173B00A2515D /* LeeLockViewUITests */,
			);
		};
/* End PBXProject section */

/* Begin PBXResourcesBuildPhase section */
		7A4DEC151C5B173B00A2515D /* Resources */ = {
			isa = PBXResourcesBuildPhase;
			buildActionMask = 2147483647;
			files = (
				7A4DEC251C5B173B00A2515D /* LaunchScreen.storyboard in Resources */,
				7A4DEC221C5B173B00A2515D /* Assets.xcassets in Resources */,
				7A4DEC9D1C5B4CA500A2515D /* Localizable.strings in Resources */,
				7A4DEC201C5B173B00A2515D /* Main.storyboard in Resources */,
				7A4DEC8F1C5B451700A2515D /* navigation_back@2x.png in Resources */,
			);
			runOnlyForDeploymentPostprocessing = 0;
		};
		7A4DEC291C5B173B00A2515D /* Resources */ = {
			isa = PBXResourcesBuildPhase;
			buildActionMask = 2147483647;
			files = (
			);
			runOnlyForDeploymentPostprocessing = 0;
		};
		7A4DEC341C5B173B00A2515D /* Resources */ = {
			isa = PBXResourcesBuildPhase;
			buildActionMask = 2147483647;
			files = (
			);
			runOnlyForDeploymentPostprocessing = 0;
		};
/* End PBXResourcesBuildPhase section */

/* Begin PBXSourcesBuildPhase section */
		7A4DEC131C5B173B00A2515D /* Sources */ = {
			isa = PBXSourcesBuildPhase;
			buildActionMask = 2147483647;
			files = (
				7A4DEC1D1C5B173B00A2515D /* ViewController.swift in Sources */,
				7A4DEC7B1C5B1A1800A2515D /* ConstraintRelation.swift in Sources */,
				7A4DEC7F1C5B1A1800A2515D /* SnapKit.swift in Sources */,
				7A4DECEF1C5B720500A2515D /* LockViewController.swift in Sources */,
				7A4DEC861C5B1CA400A2515D /* UIColor+DYKAddition.m in Sources */,
				7A4DEC791C5B1A1800A2515D /* ConstraintItem.swift in Sources */,
				7A4DEC811C5B1A1800A2515D /* View+SnapKit.swift in Sources */,
				7A4DEC1B1C5B173B00A2515D /* AppDelegate.swift in Sources */,
				7A4DECEC1C5B720500A2515D /* LockPreference.swift in Sources */,
				7A4DEC7C1C5B1A1800A2515D /* Debugging.swift in Sources */,
				7A4DEC771C5B1A1800A2515D /* ConstraintAttributes.swift in Sources */,
				7A4DEC821C5B1A1800A2515D /* ViewController+SnapKit.swift in Sources */,
				7A4DEC7A1C5B1A1800A2515D /* ConstraintMaker.swift in Sources */,
				7A4DECE91C5B720500A2515D /* LockIndicatorView.swift in Sources */,
				7A4DECEB1C5B720500A2515D /* LockItemView.swift in Sources */,
				7A4DEC801C5B1A1800A2515D /* SourceLocation.swift in Sources */,
				7A4DECEA1C5B720500A2515D /* LockInfoStorage.swift in Sources */,
				7A4DEC761C5B1A1800A2515D /* Constraint.swift in Sources */,
				7A4DEC7E1C5B1A1800A2515D /* LayoutConstraint.swift in Sources */,
				7A4DEC8D1C5B40B900A2515D /* DemoTableViewController.swift in Sources */,
				7A4DEC7D1C5B1A1800A2515D /* EdgeInsets.swift in Sources */,
				7A4DECED1C5B720500A2515D /* LockSettingViewController.swift in Sources */,
				7A4DEC781C5B1A1800A2515D /* ConstraintDescription.swift in Sources */,
				7A4DECEE1C5B720500A2515D /* LockView.swift in Sources */,
			);
			runOnlyForDeploymentPostprocessing = 0;
		};
		7A4DEC271C5B173B00A2515D /* Sources */ = {
			isa = PBXSourcesBuildPhase;
			buildActionMask = 2147483647;
			files = (
				7A4DEC301C5B173B00A2515D /* LeeLockViewTests.swift in Sources */,
			);
			runOnlyForDeploymentPostprocessing = 0;
		};
		7A4DEC321C5B173B00A2515D /* Sources */ = {
			isa = PBXSourcesBuildPhase;
			buildActionMask = 2147483647;
			files = (
				7A4DEC3B1C5B173B00A2515D /* LeeLockViewUITests.swift in Sources */,
			);
			runOnlyForDeploymentPostprocessing = 0;
		};
/* End PBXSourcesBuildPhase section */

/* Begin PBXTargetDependency section */
		7A4DEC2D1C5B173B00A2515D /* PBXTargetDependency */ = {
			isa = PBXTargetDependency;
			target = 7A4DEC161C5B173B00A2515D /* LeeLockView */;
			targetProxy = 7A4DEC2C1C5B173B00A2515D /* PBXContainerItemProxy */;
		};
		7A4DEC381C5B173B00A2515D /* PBXTargetDependency */ = {
			isa = PBXTargetDependency;
			target = 7A4DEC161C5B173B00A2515D /* LeeLockView */;
			targetProxy = 7A4DEC371C5B173B00A2515D /* PBXContainerItemProxy */;
		};
/* End PBXTargetDependency section */

/* Begin PBXVariantGroup section */
		7A4DEC1E1C5B173B00A2515D /* Main.storyboard */ = {
			isa = PBXVariantGroup;
			children = (
				7A4DEC1F1C5B173B00A2515D /* Base */,
			);
			name = Main.storyboard;
			sourceTree = "<group>";
		};
		7A4DEC231C5B173B00A2515D /* LaunchScreen.storyboard */ = {
			isa = PBXVariantGroup;
			children = (
				7A4DEC241C5B173B00A2515D /* Base */,
			);
			name = LaunchScreen.storyboard;
			sourceTree = "<group>";
		};
		7A4DEC9F1C5B4CA500A2515D /* Localizable.strings */ = {
			isa = PBXVariantGroup;
			children = (
				7A4DEC9E1C5B4CA500A2515D /* en */,
				7A4DECA01C5B4CBF00A2515D /* zh-Hans */,
			);
			name = Localizable.strings;
			sourceTree = "<group>";
		};
/* End PBXVariantGroup section */

/* Begin XCBuildConfiguration section */
		7A4DEC3D1C5B173B00A2515D /* Debug */ = {
			isa = XCBuildConfiguration;
			buildSettings = {
				ALWAYS_SEARCH_USER_PATHS = NO;
				CLANG_CXX_LANGUAGE_STANDARD = "gnu++0x";
				CLANG_CXX_LIBRARY = "libc++";
				CLANG_ENABLE_MODULES = YES;
				CLANG_ENABLE_OBJC_ARC = YES;
				CLANG_WARN_BOOL_CONVERSION = YES;
				CLANG_WARN_CONSTANT_CONVERSION = YES;
				CLANG_WARN_DIRECT_OBJC_ISA_USAGE = YES_ERROR;
				CLANG_WARN_EMPTY_BODY = YES;
				CLANG_WARN_ENUM_CONVERSION = YES;
				CLANG_WARN_INT_CONVERSION = YES;
				CLANG_WARN_OBJC_ROOT_CLASS = YES_ERROR;
				CLANG_WARN_UNREACHABLE_CODE = YES;
				CLANG_WARN__DUPLICATE_METHOD_MATCH = YES;
				"CODE_SIGN_IDENTITY[sdk=iphoneos*]" = "iPhone Developer";
				COPY_PHASE_STRIP = NO;
				DEBUG_INFORMATION_FORMAT = dwarf;
				ENABLE_STRICT_OBJC_MSGSEND = YES;
				ENABLE_TESTABILITY = YES;
				GCC_C_LANGUAGE_STANDARD = gnu99;
				GCC_DYNAMIC_NO_PIC = NO;
				GCC_NO_COMMON_BLOCKS = YES;
				GCC_OPTIMIZATION_LEVEL = 0;
				GCC_PREPROCESSOR_DEFINITIONS = (
					"DEBUG=1",
					"$(inherited)",
				);
				GCC_WARN_64_TO_32_BIT_CONVERSION = YES;
				GCC_WARN_ABOUT_RETURN_TYPE = YES_ERROR;
				GCC_WARN_UNDECLARED_SELECTOR = YES;
				GCC_WARN_UNINITIALIZED_AUTOS = YES_AGGRESSIVE;
				GCC_WARN_UNUSED_FUNCTION = YES;
				GCC_WARN_UNUSED_VARIABLE = YES;
				IPHONEOS_DEPLOYMENT_TARGET = 9.2;
				MTL_ENABLE_DEBUG_INFO = YES;
				ONLY_ACTIVE_ARCH = YES;
				SDKROOT = iphoneos;
				SWIFT_OPTIMIZATION_LEVEL = "-Onone";
			};
			name = Debug;
		};
		7A4DEC3E1C5B173B00A2515D /* Release */ = {
			isa = XCBuildConfiguration;
			buildSettings = {
				ALWAYS_SEARCH_USER_PATHS = NO;
				CLANG_CXX_LANGUAGE_STANDARD = "gnu++0x";
				CLANG_CXX_LIBRARY = "libc++";
				CLANG_ENABLE_MODULES = YES;
				CLANG_ENABLE_OBJC_ARC = YES;
				CLANG_WARN_BOOL_CONVERSION = YES;
				CLANG_WARN_CONSTANT_CONVERSION = YES;
				CLANG_WARN_DIRECT_OBJC_ISA_USAGE = YES_ERROR;
				CLANG_WARN_EMPTY_BODY = YES;
				CLANG_WARN_ENUM_CONVERSION = YES;
				CLANG_WARN_INT_CONVERSION = YES;
				CLANG_WARN_OBJC_ROOT_CLASS = YES_ERROR;
				CLANG_WARN_UNREACHABLE_CODE = YES;
				CLANG_WARN__DUPLICATE_METHOD_MATCH = YES;
				"CODE_SIGN_IDENTITY[sdk=iphoneos*]" = "iPhone Developer";
				COPY_PHASE_STRIP = NO;
				DEBUG_INFORMATION_FORMAT = "dwarf-with-dsym";
				ENABLE_NS_ASSERTIONS = NO;
				ENABLE_STRICT_OBJC_MSGSEND = YES;
				GCC_C_LANGUAGE_STANDARD = gnu99;
				GCC_NO_COMMON_BLOCKS = YES;
				GCC_WARN_64_TO_32_BIT_CONVERSION = YES;
				GCC_WARN_ABOUT_RETURN_TYPE = YES_ERROR;
				GCC_WARN_UNDECLARED_SELECTOR = YES;
				GCC_WARN_UNINITIALIZED_AUTOS = YES_AGGRESSIVE;
				GCC_WARN_UNUSED_FUNCTION = YES;
				GCC_WARN_UNUSED_VARIABLE = YES;
				IPHONEOS_DEPLOYMENT_TARGET = 9.2;
				MTL_ENABLE_DEBUG_INFO = NO;
				SDKROOT = iphoneos;
				VALIDATE_PRODUCT = YES;
			};
			name = Release;
		};
		7A4DEC401C5B173B00A2515D /* Debug */ = {
			isa = XCBuildConfiguration;
			buildSettings = {
				ASSETCATALOG_COMPILER_APPICON_NAME = AppIcon;
				CLANG_ENABLE_MODULES = YES;
				INFOPLIST_FILE = LeeLockView/Info.plist;
				IPHONEOS_DEPLOYMENT_TARGET = 8.0;
				LD_RUNPATH_SEARCH_PATHS = "$(inherited) @executable_path/Frameworks";
				PRODUCT_BUNDLE_IDENTIFIER = yuanjilee.LeeLockView;
				PRODUCT_NAME = "$(TARGET_NAME)";
				SWIFT_OBJC_BRIDGING_HEADER = "LeeLockView-Bridging-Header.h";
				SWIFT_OPTIMIZATION_LEVEL = "-Onone";
			};
			name = Debug;
		};
		7A4DEC411C5B173B00A2515D /* Release */ = {
			isa = XCBuildConfiguration;
			buildSettings = {
				ASSETCATALOG_COMPILER_APPICON_NAME = AppIcon;
				CLANG_ENABLE_MODULES = YES;
				INFOPLIST_FILE = LeeLockView/Info.plist;
				IPHONEOS_DEPLOYMENT_TARGET = 8.0;
				LD_RUNPATH_SEARCH_PATHS = "$(inherited) @executable_path/Frameworks";
				PRODUCT_BUNDLE_IDENTIFIER = yuanjilee.LeeLockView;
				PRODUCT_NAME = "$(TARGET_NAME)";
				SWIFT_OBJC_BRIDGING_HEADER = "LeeLockView-Bridging-Header.h";
			};
			name = Release;
		};
		7A4DEC431C5B173B00A2515D /* Debug */ = {
			isa = XCBuildConfiguration;
			buildSettings = {
				BUNDLE_LOADER = "$(TEST_HOST)";
				INFOPLIST_FILE = LeeLockViewTests/Info.plist;
				LD_RUNPATH_SEARCH_PATHS = "$(inherited) @executable_path/Frameworks @loader_path/Frameworks";
				PRODUCT_BUNDLE_IDENTIFIER = yuanjilee.LeeLockViewTests;
				PRODUCT_NAME = "$(TARGET_NAME)";
				TEST_HOST = "$(BUILT_PRODUCTS_DIR)/LeeLockView.app/LeeLockView";
			};
			name = Debug;
		};
		7A4DEC441C5B173B00A2515D /* Release */ = {
			isa = XCBuildConfiguration;
			buildSettings = {
				BUNDLE_LOADER = "$(TEST_HOST)";
				INFOPLIST_FILE = LeeLockViewTests/Info.plist;
				LD_RUNPATH_SEARCH_PATHS = "$(inherited) @executable_path/Frameworks @loader_path/Frameworks";
				PRODUCT_BUNDLE_IDENTIFIER = yuanjilee.LeeLockViewTests;
				PRODUCT_NAME = "$(TARGET_NAME)";
				TEST_HOST = "$(BUILT_PRODUCTS_DIR)/LeeLockView.app/LeeLockView";
			};
			name = Release;
		};
		7A4DEC461C5B173B00A2515D /* Debug */ = {
			isa = XCBuildConfiguration;
			buildSettings = {
				INFOPLIST_FILE = LeeLockViewUITests/Info.plist;
				LD_RUNPATH_SEARCH_PATHS = "$(inherited) @executable_path/Frameworks @loader_path/Frameworks";
				PRODUCT_BUNDLE_IDENTIFIER = yuanjilee.LeeLockViewUITests;
				PRODUCT_NAME = "$(TARGET_NAME)";
				TEST_TARGET_NAME = LeeLockView;
				USES_XCTRUNNER = YES;
			};
			name = Debug;
		};
		7A4DEC471C5B173B00A2515D /* Release */ = {
			isa = XCBuildConfiguration;
			buildSettings = {
				INFOPLIST_FILE = LeeLockViewUITests/Info.plist;
				LD_RUNPATH_SEARCH_PATHS = "$(inherited) @executable_path/Frameworks @loader_path/Frameworks";
				PRODUCT_BUNDLE_IDENTIFIER = yuanjilee.LeeLockViewUITests;
				PRODUCT_NAME = "$(TARGET_NAME)";
				TEST_TARGET_NAME = LeeLockView;
				USES_XCTRUNNER = YES;
			};
			name = Release;
		};
/* End XCBuildConfiguration section */

/* Begin XCConfigurationList section */
		7A4DEC121C5B173B00A2515D /* Build configuration list for PBXProject "LeeLockView" */ = {
			isa = XCConfigurationList;
			buildConfigurations = (
				7A4DEC3D1C5B173B00A2515D /* Debug */,
				7A4DEC3E1C5B173B00A2515D /* Release */,
			);
			defaultConfigurationIsVisible = 0;
			defaultConfigurationName = Release;
		};
		7A4DEC3F1C5B173B00A2515D /* Build configuration list for PBXNativeTarget "LeeLockView" */ = {
			isa = XCConfigurationList;
			buildConfigurations = (
				7A4DEC401C5B173B00A2515D /* Debug */,
				7A4DEC411C5B173B00A2515D /* Release */,
			);
			defaultConfigurationIsVisible = 0;
			defaultConfigurationName = Release;
		};
		7A4DEC421C5B173B00A2515D /* Build configuration list for PBXNativeTarget "LeeLockViewTests" */ = {
			isa = XCConfigurationList;
			buildConfigurations = (
				7A4DEC431C5B173B00A2515D /* Debug */,
				7A4DEC441C5B173B00A2515D /* Release */,
			);
			defaultConfigurationIsVisible = 0;
			defaultConfigurationName = Release;
		};
		7A4DEC451C5B173B00A2515D /* Build configuration list for PBXNativeTarget "LeeLockViewUITests" */ = {
			isa = XCConfigurationList;
			buildConfigurations = (
				7A4DEC461C5B173B00A2515D /* Debug */,
				7A4DEC471C5B173B00A2515D /* Release */,
			);
			defaultConfigurationIsVisible = 0;
			defaultConfigurationName = Release;
		};
/* End XCConfigurationList section */
	};
	rootObject = 7A4DEC0F1C5B173B00A2515D /* Project object */;
}
